// !$*UTF8*$!
{
	archiveVersion = 1;
	classes = {
	};
	objectVersion = 56;
	objects = {

/* Begin PBXBuildFile section */
		E88569D82BEF927000011FA1 /* AppDelegate.swift in Sources */ = {isa = PBXBuildFile; fileRef = E88569D72BEF927000011FA1 /* AppDelegate.swift */; };
		E88569DA2BEF927000011FA1 /* SceneDelegate.swift in Sources */ = {isa = PBXBuildFile; fileRef = E88569D92BEF927000011FA1 /* SceneDelegate.swift */; };
		E88569E12BEF927300011FA1 /* Assets.xcassets in Resources */ = {isa = PBXBuildFile; fileRef = E88569E02BEF927300011FA1 /* Assets.xcassets */; };
		E88569E42BEF927300011FA1 /* Base in Resources */ = {isa = PBXBuildFile; fileRef = E88569E32BEF927300011FA1 /* Base */; };
		E88569F12BEF942C00011FA1 /* SnapKit in Frameworks */ = {isa = PBXBuildFile; productRef = E88569F02BEF942C00011FA1 /* SnapKit */; };
		E88569F32BEF942C00011FA1 /* SnapKit-Dynamic in Frameworks */ = {isa = PBXBuildFile; productRef = E88569F22BEF942C00011FA1 /* SnapKit-Dynamic */; };
		E88569F82BEF950600011FA1 /* ButtonSize.swift in Sources */ = {isa = PBXBuildFile; fileRef = E88569F72BEF950600011FA1 /* ButtonSize.swift */; };
		E88569FA2BEF956C00011FA1 /* Theme.swift in Sources */ = {isa = PBXBuildFile; fileRef = E88569F92BEF956C00011FA1 /* Theme.swift */; };
		E88569FC2BEF96F700011FA1 /* FontSize.swift in Sources */ = {isa = PBXBuildFile; fileRef = E88569FB2BEF96F700011FA1 /* FontSize.swift */; };
		E88569FF2BEF997200011FA1 /* UIFont+ Ext.swift in Sources */ = {isa = PBXBuildFile; fileRef = E88569FE2BEF997200011FA1 /* UIFont+ Ext.swift */; };
		E8856A012BEF9A6300011FA1 /* OnboardViewController.swift in Sources */ = {isa = PBXBuildFile; fileRef = E8856A002BEF9A6300011FA1 /* OnboardViewController.swift */; };
		E8856A032BEFB08100011FA1 /* Radius.swift in Sources */ = {isa = PBXBuildFile; fileRef = E8856A022BEFB08100011FA1 /* Radius.swift */; };
		E8856A062BEFB13D00011FA1 /* OnboardingView.swift in Sources */ = {isa = PBXBuildFile; fileRef = E8856A052BEFB13D00011FA1 /* OnboardingView.swift */; };
		E8856A0C2BEFC5CE00011FA1 /* TestViewController.swift in Sources */ = {isa = PBXBuildFile; fileRef = E8856A0B2BEFC5CE00011FA1 /* TestViewController.swift */; };
		E8856A0E2BEFEA7C00011FA1 /* OnboardRoute.swift in Sources */ = {isa = PBXBuildFile; fileRef = E8856A0D2BEFEA7C00011FA1 /* OnboardRoute.swift */; };
		E8856A102BEFEA8400011FA1 /* OnboardPresenter.swift in Sources */ = {isa = PBXBuildFile; fileRef = E8856A0F2BEFEA8400011FA1 /* OnboardPresenter.swift */; };
/* End PBXBuildFile section */

/* Begin PBXFileReference section */
		E88569D42BEF927000011FA1 /* PodCastApp-Viper.app */ = {isa = PBXFileReference; explicitFileType = wrapper.application; includeInIndex = 0; path = "PodCastApp-Viper.app"; sourceTree = BUILT_PRODUCTS_DIR; };
		E88569D72BEF927000011FA1 /* AppDelegate.swift */ = {isa = PBXFileReference; lastKnownFileType = sourcecode.swift; path = AppDelegate.swift; sourceTree = "<group>"; };
		E88569D92BEF927000011FA1 /* SceneDelegate.swift */ = {isa = PBXFileReference; lastKnownFileType = sourcecode.swift; path = SceneDelegate.swift; sourceTree = "<group>"; };
		E88569E02BEF927300011FA1 /* Assets.xcassets */ = {isa = PBXFileReference; lastKnownFileType = folder.assetcatalog; path = Assets.xcassets; sourceTree = "<group>"; };
		E88569E32BEF927300011FA1 /* Base */ = {isa = PBXFileReference; lastKnownFileType = file.storyboard; name = Base; path = Base.lproj/LaunchScreen.storyboard; sourceTree = "<group>"; };
		E88569E52BEF927300011FA1 /* Info.plist */ = {isa = PBXFileReference; lastKnownFileType = text.plist.xml; path = Info.plist; sourceTree = "<group>"; };
		E88569F72BEF950600011FA1 /* ButtonSize.swift */ = {isa = PBXFileReference; lastKnownFileType = sourcecode.swift; path = ButtonSize.swift; sourceTree = "<group>"; };
		E88569F92BEF956C00011FA1 /* Theme.swift */ = {isa = PBXFileReference; lastKnownFileType = sourcecode.swift; path = Theme.swift; sourceTree = "<group>"; };
		E88569FB2BEF96F700011FA1 /* FontSize.swift */ = {isa = PBXFileReference; lastKnownFileType = sourcecode.swift; path = FontSize.swift; sourceTree = "<group>"; };
		E88569FE2BEF997200011FA1 /* UIFont+ Ext.swift */ = {isa = PBXFileReference; lastKnownFileType = sourcecode.swift; path = "UIFont+ Ext.swift"; sourceTree = "<group>"; };
		E8856A002BEF9A6300011FA1 /* OnboardViewController.swift */ = {isa = PBXFileReference; lastKnownFileType = sourcecode.swift; path = OnboardViewController.swift; sourceTree = "<group>"; };
		E8856A022BEFB08100011FA1 /* Radius.swift */ = {isa = PBXFileReference; lastKnownFileType = sourcecode.swift; path = Radius.swift; sourceTree = "<group>"; };
		E8856A052BEFB13D00011FA1 /* OnboardingView.swift */ = {isa = PBXFileReference; lastKnownFileType = sourcecode.swift; path = OnboardingView.swift; sourceTree = "<group>"; };
		E8856A0B2BEFC5CE00011FA1 /* TestViewController.swift */ = {isa = PBXFileReference; lastKnownFileType = sourcecode.swift; path = TestViewController.swift; sourceTree = "<group>"; };
		E8856A0D2BEFEA7C00011FA1 /* OnboardRoute.swift */ = {isa = PBXFileReference; lastKnownFileType = sourcecode.swift; path = OnboardRoute.swift; sourceTree = "<group>"; };
		E8856A0F2BEFEA8400011FA1 /* OnboardPresenter.swift */ = {isa = PBXFileReference; lastKnownFileType = sourcecode.swift; path = OnboardPresenter.swift; sourceTree = "<group>"; };
/* End PBXFileReference section */

/* Begin PBXFrameworksBuildPhase section */
		E88569D12BEF927000011FA1 /* Frameworks */ = {
			isa = PBXFrameworksBuildPhase;
			buildActionMask = 2147483647;
			files = (
				E88569F12BEF942C00011FA1 /* SnapKit in Frameworks */,
				E88569F32BEF942C00011FA1 /* SnapKit-Dynamic in Frameworks */,
			);
			runOnlyForDeploymentPostprocessing = 0;
		};
/* End PBXFrameworksBuildPhase section */

/* Begin PBXGroup section */
		E88569CB2BEF927000011FA1 = {
			isa = PBXGroup;
			children = (
				E88569D62BEF927000011FA1 /* PodCastApp-Viper */,
				E88569D52BEF927000011FA1 /* Products */,
			);
			sourceTree = "<group>";
		};
		E88569D52BEF927000011FA1 /* Products */ = {
			isa = PBXGroup;
			children = (
				E88569D42BEF927000011FA1 /* PodCastApp-Viper.app */,
			);
			name = Products;
			sourceTree = "<group>";
		};
		E88569D62BEF927000011FA1 /* PodCastApp-Viper */ = {
			isa = PBXGroup;
			children = (
				E88569EE2BEF93CE00011FA1 /* Asset */,
				E88569ED2BEF938B00011FA1 /* Base */,
				E88569EC2BEF938500011FA1 /* Common */,
				E88569EB2BEF937E00011FA1 /* Features */,
			);
			path = "PodCastApp-Viper";
			sourceTree = "<group>";
		};
		E88569EB2BEF937E00011FA1 /* Features */ = {
			isa = PBXGroup;
			children = (
				E8856A0B2BEFC5CE00011FA1 /* TestViewController.swift */,
				E88569F42BEF94A600011FA1 /* Onboard */,
			);
			path = Features;
			sourceTree = "<group>";
		};
		E88569EC2BEF938500011FA1 /* Common */ = {
			isa = PBXGroup;
			children = (
				E88569FD2BEF995300011FA1 /* Extension */,
				E88569F62BEF94C500011FA1 /* Size */,
				E88569F52BEF94C000011FA1 /* Theme */,
			);
			path = Common;
			sourceTree = "<group>";
		};
		E88569ED2BEF938B00011FA1 /* Base */ = {
			isa = PBXGroup;
			children = (
				E88569D72BEF927000011FA1 /* AppDelegate.swift */,
				E88569D92BEF927000011FA1 /* SceneDelegate.swift */,
				E88569E22BEF927300011FA1 /* LaunchScreen.storyboard */,
			);
			path = Base;
			sourceTree = "<group>";
		};
		E88569EE2BEF93CE00011FA1 /* Asset */ = {
			isa = PBXGroup;
			children = (
				E88569E52BEF927300011FA1 /* Info.plist */,
				E88569E02BEF927300011FA1 /* Assets.xcassets */,
			);
			name = Asset;
			sourceTree = "<group>";
		};
		E88569F42BEF94A600011FA1 /* Onboard */ = {
			isa = PBXGroup;
			children = (
				E8856A042BEFB13400011FA1 /* View */,
				E8856A002BEF9A6300011FA1 /* OnboardViewController.swift */,
				E8856A0D2BEFEA7C00011FA1 /* OnboardRoute.swift */,
				E8856A0F2BEFEA8400011FA1 /* OnboardPresenter.swift */,
			);
			path = Onboard;
			sourceTree = "<group>";
		};
		E88569F52BEF94C000011FA1 /* Theme */ = {
			isa = PBXGroup;
			children = (
				E88569F92BEF956C00011FA1 /* Theme.swift */,
			);
			path = Theme;
			sourceTree = "<group>";
		};
		E88569F62BEF94C500011FA1 /* Size */ = {
			isa = PBXGroup;
			children = (
				E88569F72BEF950600011FA1 /* ButtonSize.swift */,
				E88569FB2BEF96F700011FA1 /* FontSize.swift */,
				E8856A022BEFB08100011FA1 /* Radius.swift */,
			);
			path = Size;
			sourceTree = "<group>";
		};
		E88569FD2BEF995300011FA1 /* Extension */ = {
			isa = PBXGroup;
			children = (
				E88569FE2BEF997200011FA1 /* UIFont+ Ext.swift */,
			);
			path = Extension;
			sourceTree = "<group>";
		};
		E8856A042BEFB13400011FA1 /* View */ = {
			isa = PBXGroup;
			children = (
				E8856A052BEFB13D00011FA1 /* OnboardingView.swift */,
			);
			path = View;
			sourceTree = "<group>";
		};
/* End PBXGroup section */

/* Begin PBXNativeTarget section */
		E88569D32BEF927000011FA1 /* PodCastApp-Viper */ = {
			isa = PBXNativeTarget;
			buildConfigurationList = E88569E82BEF927300011FA1 /* Build configuration list for PBXNativeTarget "PodCastApp-Viper" */;
			buildPhases = (
				E88569D02BEF927000011FA1 /* Sources */,
				E88569D12BEF927000011FA1 /* Frameworks */,
				E88569D22BEF927000011FA1 /* Resources */,
			);
			buildRules = (
			);
			dependencies = (
			);
			name = "PodCastApp-Viper";
			packageProductDependencies = (
				E88569F02BEF942C00011FA1 /* SnapKit */,
				E88569F22BEF942C00011FA1 /* SnapKit-Dynamic */,
			);
			productName = "PodCastApp-Viper";
			productReference = E88569D42BEF927000011FA1 /* PodCastApp-Viper.app */;
			productType = "com.apple.product-type.application";
		};
/* End PBXNativeTarget section */

/* Begin PBXProject section */
		E88569CC2BEF927000011FA1 /* Project object */ = {
			isa = PBXProject;
			attributes = {
				BuildIndependentTargetsInParallel = 1;
				LastSwiftUpdateCheck = 1530;
				LastUpgradeCheck = 1530;
				TargetAttributes = {
					E88569D32BEF927000011FA1 = {
						CreatedOnToolsVersion = 15.3;
					};
				};
			};
			buildConfigurationList = E88569CF2BEF927000011FA1 /* Build configuration list for PBXProject "PodCastApp-Viper" */;
			compatibilityVersion = "Xcode 14.0";
			developmentRegion = en;
			hasScannedForEncodings = 0;
			knownRegions = (
				en,
				Base,
			);
			mainGroup = E88569CB2BEF927000011FA1;
			packageReferences = (
				E88569EF2BEF942C00011FA1 /* XCRemoteSwiftPackageReference "SnapKit" */,
			);
			productRefGroup = E88569D52BEF927000011FA1 /* Products */;
			projectDirPath = "";
			projectRoot = "";
			targets = (
				E88569D32BEF927000011FA1 /* PodCastApp-Viper */,
			);
		};
/* End PBXProject section */

/* Begin PBXResourcesBuildPhase section */
		E88569D22BEF927000011FA1 /* Resources */ = {
			isa = PBXResourcesBuildPhase;
			buildActionMask = 2147483647;
			files = (
				E88569E12BEF927300011FA1 /* Assets.xcassets in Resources */,
				E88569E42BEF927300011FA1 /* Base in Resources */,
			);
			runOnlyForDeploymentPostprocessing = 0;
		};
/* End PBXResourcesBuildPhase section */

/* Begin PBXSourcesBuildPhase section */
		E88569D02BEF927000011FA1 /* Sources */ = {
			isa = PBXSourcesBuildPhase;
			buildActionMask = 2147483647;
			files = (
				E88569FF2BEF997200011FA1 /* UIFont+ Ext.swift in Sources */,
				E8856A012BEF9A6300011FA1 /* OnboardViewController.swift in Sources */,
				E88569FC2BEF96F700011FA1 /* FontSize.swift in Sources */,
				E8856A062BEFB13D00011FA1 /* OnboardingView.swift in Sources */,
				E88569D82BEF927000011FA1 /* AppDelegate.swift in Sources */,
				E88569FA2BEF956C00011FA1 /* Theme.swift in Sources */,
				E88569F82BEF950600011FA1 /* ButtonSize.swift in Sources */,
				E88569DA2BEF927000011FA1 /* SceneDelegate.swift in Sources */,
				E8856A0C2BEFC5CE00011FA1 /* TestViewController.swift in Sources */,
				E8856A032BEFB08100011FA1 /* Radius.swift in Sources */,
				E8856A102BEFEA8400011FA1 /* OnboardPresenter.swift in Sources */,
				E8856A0E2BEFEA7C00011FA1 /* OnboardRoute.swift in Sources */,
			);
			runOnlyForDeploymentPostprocessing = 0;
		};
/* End PBXSourcesBuildPhase section */

/* Begin PBXVariantGroup section */
		E88569E22BEF927300011FA1 /* LaunchScreen.storyboard */ = {
			isa = PBXVariantGroup;
			children = (
				E88569E32BEF927300011FA1 /* Base */,
			);
			name = LaunchScreen.storyboard;
			sourceTree = "<group>";
		};
/* End PBXVariantGroup section */

/* Begin XCBuildConfiguration section */
		E88569E62BEF927300011FA1 /* Debug */ = {
			isa = XCBuildConfiguration;
			buildSettings = {
				ALWAYS_SEARCH_USER_PATHS = NO;
				ASSETCATALOG_COMPILER_GENERATE_SWIFT_ASSET_SYMBOL_EXTENSIONS = YES;
				CLANG_ANALYZER_NONNULL = YES;
				CLANG_ANALYZER_NUMBER_OBJECT_CONVERSION = YES_AGGRESSIVE;
				CLANG_CXX_LANGUAGE_STANDARD = "gnu++20";
				CLANG_ENABLE_MODULES = YES;
				CLANG_ENABLE_OBJC_ARC = YES;
				CLANG_ENABLE_OBJC_WEAK = YES;
				CLANG_WARN_BLOCK_CAPTURE_AUTORELEASING = YES;
				CLANG_WARN_BOOL_CONVERSION = YES;
				CLANG_WARN_COMMA = YES;
				CLANG_WARN_CONSTANT_CONVERSION = YES;
				CLANG_WARN_DEPRECATED_OBJC_IMPLEMENTATIONS = YES;
				CLANG_WARN_DIRECT_OBJC_ISA_USAGE = YES_ERROR;
				CLANG_WARN_DOCUMENTATION_COMMENTS = YES;
				CLANG_WARN_EMPTY_BODY = YES;
				CLANG_WARN_ENUM_CONVERSION = YES;
				CLANG_WARN_INFINITE_RECURSION = YES;
				CLANG_WARN_INT_CONVERSION = YES;
				CLANG_WARN_NON_LITERAL_NULL_CONVERSION = YES;
				CLANG_WARN_OBJC_IMPLICIT_RETAIN_SELF = YES;
				CLANG_WARN_OBJC_LITERAL_CONVERSION = YES;
				CLANG_WARN_OBJC_ROOT_CLASS = YES_ERROR;
				CLANG_WARN_QUOTED_INCLUDE_IN_FRAMEWORK_HEADER = YES;
				CLANG_WARN_RANGE_LOOP_ANALYSIS = YES;
				CLANG_WARN_STRICT_PROTOTYPES = YES;
				CLANG_WARN_SUSPICIOUS_MOVE = YES;
				CLANG_WARN_UNGUARDED_AVAILABILITY = YES_AGGRESSIVE;
				CLANG_WARN_UNREACHABLE_CODE = YES;
				CLANG_WARN__DUPLICATE_METHOD_MATCH = YES;
				COPY_PHASE_STRIP = NO;
				DEBUG_INFORMATION_FORMAT = dwarf;
				ENABLE_STRICT_OBJC_MSGSEND = YES;
				ENABLE_TESTABILITY = YES;
				ENABLE_USER_SCRIPT_SANDBOXING = YES;
				GCC_C_LANGUAGE_STANDARD = gnu17;
				GCC_DYNAMIC_NO_PIC = NO;
				GCC_NO_COMMON_BLOCKS = YES;
				GCC_OPTIMIZATION_LEVEL = 0;
				GCC_PREPROCESSOR_DEFINITIONS = (
					"DEBUG=1",
					"$(inherited)",
				);
				GCC_WARN_64_TO_32_BIT_CONVERSION = YES;
				GCC_WARN_ABOUT_RETURN_TYPE = YES_ERROR;
				GCC_WARN_UNDECLARED_SELECTOR = YES;
				GCC_WARN_UNINITIALIZED_AUTOS = YES_AGGRESSIVE;
				GCC_WARN_UNUSED_FUNCTION = YES;
				GCC_WARN_UNUSED_VARIABLE = YES;
				IPHONEOS_DEPLOYMENT_TARGET = 17.4;
				LOCALIZATION_PREFERS_STRING_CATALOGS = YES;
				MTL_ENABLE_DEBUG_INFO = INCLUDE_SOURCE;
				MTL_FAST_MATH = YES;
				ONLY_ACTIVE_ARCH = YES;
				SDKROOT = iphoneos;
				SWIFT_ACTIVE_COMPILATION_CONDITIONS = "DEBUG $(inherited)";
				SWIFT_OPTIMIZATION_LEVEL = "-Onone";
			};
			name = Debug;
		};
		E88569E72BEF927300011FA1 /* Release */ = {
			isa = XCBuildConfiguration;
			buildSettings = {
				ALWAYS_SEARCH_USER_PATHS = NO;
				ASSETCATALOG_COMPILER_GENERATE_SWIFT_ASSET_SYMBOL_EXTENSIONS = YES;
				CLANG_ANALYZER_NONNULL = YES;
				CLANG_ANALYZER_NUMBER_OBJECT_CONVERSION = YES_AGGRESSIVE;
				CLANG_CXX_LANGUAGE_STANDARD = "gnu++20";
				CLANG_ENABLE_MODULES = YES;
				CLANG_ENABLE_OBJC_ARC = YES;
				CLANG_ENABLE_OBJC_WEAK = YES;
				CLANG_WARN_BLOCK_CAPTURE_AUTORELEASING = YES;
				CLANG_WARN_BOOL_CONVERSION = YES;
				CLANG_WARN_COMMA = YES;
				CLANG_WARN_CONSTANT_CONVERSION = YES;
				CLANG_WARN_DEPRECATED_OBJC_IMPLEMENTATIONS = YES;
				CLANG_WARN_DIRECT_OBJC_ISA_USAGE = YES_ERROR;
				CLANG_WARN_DOCUMENTATION_COMMENTS = YES;
				CLANG_WARN_EMPTY_BODY = YES;
				CLANG_WARN_ENUM_CONVERSION = YES;
				CLANG_WARN_INFINITE_RECURSION = YES;
				CLANG_WARN_INT_CONVERSION = YES;
				CLANG_WARN_NON_LITERAL_NULL_CONVERSION = YES;
				CLANG_WARN_OBJC_IMPLICIT_RETAIN_SELF = YES;
				CLANG_WARN_OBJC_LITERAL_CONVERSION = YES;
				CLANG_WARN_OBJC_ROOT_CLASS = YES_ERROR;
				CLANG_WARN_QUOTED_INCLUDE_IN_FRAMEWORK_HEADER = YES;
				CLANG_WARN_RANGE_LOOP_ANALYSIS = YES;
				CLANG_WARN_STRICT_PROTOTYPES = YES;
				CLANG_WARN_SUSPICIOUS_MOVE = YES;
				CLANG_WARN_UNGUARDED_AVAILABILITY = YES_AGGRESSIVE;
				CLANG_WARN_UNREACHABLE_CODE = YES;
				CLANG_WARN__DUPLICATE_METHOD_MATCH = YES;
				COPY_PHASE_STRIP = NO;
				DEBUG_INFORMATION_FORMAT = "dwarf-with-dsym";
				ENABLE_NS_ASSERTIONS = NO;
				ENABLE_STRICT_OBJC_MSGSEND = YES;
				ENABLE_USER_SCRIPT_SANDBOXING = YES;
				GCC_C_LANGUAGE_STANDARD = gnu17;
				GCC_NO_COMMON_BLOCKS = YES;
				GCC_WARN_64_TO_32_BIT_CONVERSION = YES;
				GCC_WARN_ABOUT_RETURN_TYPE = YES_ERROR;
				GCC_WARN_UNDECLARED_SELECTOR = YES;
				GCC_WARN_UNINITIALIZED_AUTOS = YES_AGGRESSIVE;
				GCC_WARN_UNUSED_FUNCTION = YES;
				GCC_WARN_UNUSED_VARIABLE = YES;
				IPHONEOS_DEPLOYMENT_TARGET = 17.4;
				LOCALIZATION_PREFERS_STRING_CATALOGS = YES;
				MTL_ENABLE_DEBUG_INFO = NO;
				MTL_FAST_MATH = YES;
				SDKROOT = iphoneos;
				SWIFT_COMPILATION_MODE = wholemodule;
				VALIDATE_PRODUCT = YES;
			};
			name = Release;
		};
		E88569E92BEF927300011FA1 /* Debug */ = {
			isa = XCBuildConfiguration;
			buildSettings = {
				ASSETCATALOG_COMPILER_APPICON_NAME = AppIcon;
				ASSETCATALOG_COMPILER_GLOBAL_ACCENT_COLOR_NAME = AccentColor;
				CODE_SIGN_STYLE = Automatic;
				CURRENT_PROJECT_VERSION = 1;
				DEVELOPMENT_TEAM = 7T569GVN5Q;
				GENERATE_INFOPLIST_FILE = YES;
				INFOPLIST_FILE = "PodCastApp-Viper/Info.plist";
				INFOPLIST_KEY_UIApplicationSupportsIndirectInputEvents = YES;
				INFOPLIST_KEY_UILaunchStoryboardName = LaunchScreen;
				INFOPLIST_KEY_UISupportedInterfaceOrientations_iPad = "UIInterfaceOrientationPortrait UIInterfaceOrientationPortraitUpsideDown UIInterfaceOrientationLandscapeLeft UIInterfaceOrientationLandscapeRight";
				INFOPLIST_KEY_UISupportedInterfaceOrientations_iPhone = "UIInterfaceOrientationPortrait UIInterfaceOrientationLandscapeLeft UIInterfaceOrientationLandscapeRight";
				LD_RUNPATH_SEARCH_PATHS = (
					"$(inherited)",
					"@executable_path/Frameworks",
				);
				MARKETING_VERSION = 1.0;
				PRODUCT_BUNDLE_IDENTIFIER = "com.agkurt.PodCastApp-Viper";
				PRODUCT_NAME = "$(TARGET_NAME)";
				SWIFT_EMIT_LOC_STRINGS = YES;
				SWIFT_VERSION = 5.0;
				TARGETED_DEVICE_FAMILY = "1,2";
			};
			name = Debug;
		};
		E88569EA2BEF927300011FA1 /* Release */ = {
			isa = XCBuildConfiguration;
			buildSettings = {
				ASSETCATALOG_COMPILER_APPICON_NAME = AppIcon;
				ASSETCATALOG_COMPILER_GLOBAL_ACCENT_COLOR_NAME = AccentColor;
				CODE_SIGN_STYLE = Automatic;
				CURRENT_PROJECT_VERSION = 1;
				DEVELOPMENT_TEAM = 7T569GVN5Q;
				GENERATE_INFOPLIST_FILE = YES;
				INFOPLIST_FILE = "PodCastApp-Viper/Info.plist";
				INFOPLIST_KEY_UIApplicationSupportsIndirectInputEvents = YES;
				INFOPLIST_KEY_UILaunchStoryboardName = LaunchScreen;
				INFOPLIST_KEY_UISupportedInterfaceOrientations_iPad = "UIInterfaceOrientationPortrait UIInterfaceOrientationPortraitUpsideDown UIInterfaceOrientationLandscapeLeft UIInterfaceOrientationLandscapeRight";
				INFOPLIST_KEY_UISupportedInterfaceOrientations_iPhone = "UIInterfaceOrientationPortrait UIInterfaceOrientationLandscapeLeft UIInterfaceOrientationLandscapeRight";
				LD_RUNPATH_SEARCH_PATHS = (
					"$(inherited)",
					"@executable_path/Frameworks",
				);
				MARKETING_VERSION = 1.0;
				PRODUCT_BUNDLE_IDENTIFIER = "com.agkurt.PodCastApp-Viper";
				PRODUCT_NAME = "$(TARGET_NAME)";
				SWIFT_EMIT_LOC_STRINGS = YES;
				SWIFT_VERSION = 5.0;
				TARGETED_DEVICE_FAMILY = "1,2";
			};
			name = Release;
		};
/* End XCBuildConfiguration section */

/* Begin XCConfigurationList section */
		E88569CF2BEF927000011FA1 /* Build configuration list for PBXProject "PodCastApp-Viper" */ = {
			isa = XCConfigurationList;
			buildConfigurations = (
				E88569E62BEF927300011FA1 /* Debug */,
				E88569E72BEF927300011FA1 /* Release */,
			);
			defaultConfigurationIsVisible = 0;
			defaultConfigurationName = Release;
		};
		E88569E82BEF927300011FA1 /* Build configuration list for PBXNativeTarget "PodCastApp-Viper" */ = {
			isa = XCConfigurationList;
			buildConfigurations = (
				E88569E92BEF927300011FA1 /* Debug */,
				E88569EA2BEF927300011FA1 /* Release */,
			);
			defaultConfigurationIsVisible = 0;
			defaultConfigurationName = Release;
		};
/* End XCConfigurationList section */

/* Begin XCRemoteSwiftPackageReference section */
		E88569EF2BEF942C00011FA1 /* XCRemoteSwiftPackageReference "SnapKit" */ = {
			isa = XCRemoteSwiftPackageReference;
			repositoryURL = "https://github.com/SnapKit/SnapKit.git";
			requirement = {
				kind = upToNextMajorVersion;
				minimumVersion = 5.7.1;
			};
		};
/* End XCRemoteSwiftPackageReference section */

/* Begin XCSwiftPackageProductDependency section */
		E88569F02BEF942C00011FA1 /* SnapKit */ = {
			isa = XCSwiftPackageProductDependency;
			package = E88569EF2BEF942C00011FA1 /* XCRemoteSwiftPackageReference "SnapKit" */;
			productName = SnapKit;
		};
		E88569F22BEF942C00011FA1 /* SnapKit-Dynamic */ = {
			isa = XCSwiftPackageProductDependency;
			package = E88569EF2BEF942C00011FA1 /* XCRemoteSwiftPackageReference "SnapKit" */;
			productName = "SnapKit-Dynamic";
		};
/* End XCSwiftPackageProductDependency section */
	};
	rootObject = E88569CC2BEF927000011FA1 /* Project object */;
}
